
Microsoft Visual Studio Solution File, Format Version 12.00
# Visual Studio Version 17
VisualStudioVersion = 17.3.32929.385
MinimumVisualStudioVersion = 10.0.40219.1
Project("{FAE04EC0-301F-11D3-BF4B-00C04F79EFBC}") = "LibAjedrez", "LibAjedrez\LibAjedrez.csproj", "{7B7A9116-8C84-4B3E-ADDC-F9556B12928F}"
EndProject
Project("{FAE04EC0-301F-11D3-BF4B-00C04F79EFBC}") = "WindowsPresentacion", "WindowsPresentacion\WindowsPresentacion.csproj", "{DD448B4B-0F41-4422-9641-1309D4DE3C29}"
EndProject
Global
	GlobalSection(SolutionConfigurationPlatforms) = preSolution
		Debug|Any CPU = Debug|Any CPU
		Release|Any CPU = Release|Any CPU
	EndGlobalSection
	GlobalSection(ProjectConfigurationPlatforms) = postSolution
		{7B7A9116-8C84-4B3E-ADDC-F9556B12928F}.Debug|Any CPU.ActiveCfg = Debug|Any CPU
		{7B7A9116-8C84-4B3E-ADDC-F9556B12928F}.Debug|Any CPU.Build.0 = Debug|Any CPU
		{7B7A9116-8C84-4B3E-ADDC-F9556B12928F}.Release|Any CPU.ActiveCfg = Release|Any CPU
		{7B7A9116-8C84-4B3E-ADDC-F9556B12928F}.Release|Any CPU.Build.0 = Release|Any CPU
		{DD448B4B-0F41-4422-9641-1309D4DE3C29}.Debug|Any CPU.ActiveCfg = Debug|Any CPU
		{DD448B4B-0F41-4422-9641-1309D4DE3C29}.Debug|Any CPU.Build.0 = Debug|Any CPU
		{DD448B4B-0F41-4422-9641-1309D4DE3C29}.Release|Any CPU.ActiveCfg = Release|Any CPU
		{DD448B4B-0F41-4422-9641-1309D4DE3C29}.Release|Any CPU.Build.0 = Release|Any CPU
	EndGlobalSection
	GlobalSection(SolutionProperties) = preSolution
		HideSolutionNode = FALSE
	EndGlobalSection
	GlobalSection(ExtensibilityGlobals) = postSolution
		SolutionGuid = {5733881B-6AD3-439C-AB99-FE5D2D23D4F8}
	EndGlobalSection
EndGlobal
